
Microsoft Visual Studio Solution File, Format Version 12.00
# Visual Studio Version 17
VisualStudioVersion = 17.0.31903.59
MinimumVisualStudioVersion = 10.0.40219.1
Project("{FAE04EC0-301F-11D3-BF4B-00C04F79EFBC}") = "esercitazione_01", "esercitazione_01\esercitazione_01.csproj", "{15AA9B97-53F1-42EA-96FE-CEB3707A6E19}"
EndProject
Project("{2150E333-8FDC-42A3-9474-1A3956D46DE8}") = "Esercitazioni", "Esercitazioni", "{A6E49C14-6254-4D59-BAE2-25C36A31B992}"
EndProject
Project("{FAE04EC0-301F-11D3-BF4B-00C04F79EFBC}") = "03_operatori", "Esercitazioni\03_operatori\03_operatori.csproj", "{1DC41327-AB17-4D6E-8E48-B902C663AAF5}"
EndProject
Project("{FAE04EC0-301F-11D3-BF4B-00C04F79EFBC}") = "04_condizioni", "Esercitazioni\04_condizioni\04_condizioni.csproj", "{1653E4B5-7E89-46E7-84AD-E304651BA6A6}"
EndProject
Project("{2150E333-8FDC-42A3-9474-1A3956D46DE8}") = "04 - Assignment", "04 - Assignment", "{FE28457B-F715-4D30-860B-CE04C5E5F7ED}"
EndProject
Project("{FAE04EC0-301F-11D3-BF4B-00C04F79EFBC}") = "02-sorteggio-partecipanti", "04 - Assignment\02-sorteggio-partecipanti\02-sorteggio-partecipanti.csproj", "{739A8D8B-71CC-48BA-9B25-4060E76AEFAE}"
EndProject
Project("{2150E333-8FDC-42A3-9474-1A3956D46DE8}") = "04 - Esercitazioni", "04 - Esercitazioni", "{22465E63-431C-46C0-AA8B-24DE76DE64E8}"
EndProject
Project("{FAE04EC0-301F-11D3-BF4B-00C04F79EFBC}") = "09_Date", "04 - Esercitazioni\09_Date\09_Date.csproj", "{771870D2-0D25-4DBB-A955-1DAD6C49F369}"
EndProject
Project("{FAE04EC0-301F-11D3-BF4B-00C04F79EFBC}") = "10_Math", "04 - Esercitazioni\10_Math\10_Math.csproj", "{4DD9014E-DC34-4E04-84EE-4E6B9F90BC80}"
EndProject
Project("{FAE04EC0-301F-11D3-BF4B-00C04F79EFBC}") = "11_Gestione eccezioni", "04 - Esercitazioni\11_Gestione eccezioni\11_Gestione eccezioni.csproj", "{D255033C-6875-4480-8A89-082CF05B19DF}"
EndProject
Project("{FAE04EC0-301F-11D3-BF4B-00C04F79EFBC}") = "calcolatrice", "04 - Assignment\calcolatrice\calcolatrice.csproj", "{A52F977A-171A-4130-A45F-3FBB23E70056}"
EndProject
Project("{FAE04EC0-301F-11D3-BF4B-00C04F79EFBC}") = "_calcolatrice-con-funzioni", "04 - Assignment\_calcolatrice-con-funzioni\_calcolatrice-con-funzioni.csproj", "{BF1B25B4-5EFE-4576-8505-1CEA5FB64770}"
EndProject
Project("{FAE04EC0-301F-11D3-BF4B-00C04F79EFBC}") = "_Sorteggio-partecipanti-con-funzioni", "04 - Assignment\_Sorteggio-partecipanti-con-funzioni\_Sorteggio-partecipanti-con-funzioni.csproj", "{F73A1D32-E623-4E94-831B-649327C7EFED}"
EndProject
Project("{FAE04EC0-301F-11D3-BF4B-00C04F79EFBC}") = "12_Funzioni", "04 - Esercitazioni\12_Funzioni\12_Funzioni.csproj", "{71C80A54-C18D-46FE-954B-E4D6A8E1A66A}"
EndProject
Project("{FAE04EC0-301F-11D3-BF4B-00C04F79EFBC}") = "06_indovina-numero", "04 - Assignment\06_indovina-numero\06_indovina-numero.csproj", "{48F34708-A3A5-4483-9736-878D29948469}"
EndProject
Project("{FAE04EC0-301F-11D3-BF4B-00C04F79EFBC}") = "07_Gioco-di-dai", "04 - Assignment\07_Gioco-di-dai\07_Gioco-di-dai.csproj", "{22036271-18E0-457F-AF4A-498966D29EB4}"
EndProject
Project("{2150E333-8FDC-42A3-9474-1A3956D46DE8}") = "06_indovina-numero-con-funzioni", "06_indovina-numero-con-funzioni", "{0272CDA7-84AE-469D-91BE-71AA53CDF1B7}"
EndProject
Project("{FAE04EC0-301F-11D3-BF4B-00C04F79EFBC}") = "06_indovina-numeri-con-funzioni", "04 - Assignment\06_indovina-numero-con-funzioni\06_indovina-numeri-con-funzioni\06_indovina-numeri-con-funzioni.csproj", "{9E2A0DC3-E169-4B95-8E49-2A5414E1DBCC}"
EndProject
Project("{FAE04EC0-301F-11D3-BF4B-00C04F79EFBC}") = "08_supermercato", "04 - Assignment\08_supermercato\08_supermercato.csproj", "{4E73B964-0BE3-448F-8B08-EF316C973D37}"
EndProject
Project("{FAE04EC0-301F-11D3-BF4B-00C04F79EFBC}") = "02_tipi-di-dati", "04 - Esercitazioni\02_tipi-di-dati\02_tipi-di-dati.csproj", "{5EB46E19-59D2-45FD-B6DA-F9A3B2914C12}"
EndProject
Project("{FAE04EC0-301F-11D3-BF4B-00C04F79EFBC}") = "09_generatore-password", "04 - Assignment\09_generatore-password\09_generatore-password.csproj", "{2C2BA8E6-C6DF-4297-8310-211984C653DB}"
EndProject
Project("{FAE04EC0-301F-11D3-BF4B-00C04F79EFBC}") = "10_Inserimento-dati", "04 - Assignment\10_Inserimento-dati\10_Inserimento-dati.csproj", "{2C8ECDC8-B910-4C50-82EB-8FB72646E709}"
EndProject
Project("{FAE04EC0-301F-11D3-BF4B-00C04F79EFBC}") = "11_Metodo-verificaInput-generico", "04 - Assignment\11_Metodo-verificaInput-generico\11_Metodo-verificaInput-generico.csproj", "{262AE268-BFB3-4ED9-B31C-72D668A83488}"
EndProject
Project("{FAE04EC0-301F-11D3-BF4B-00C04F79EFBC}") = "12_landing-page-html-css", "04 - Assignment\12_landing-page-html-css\12_landing-page-html-css.csproj", "{C81D2B90-C016-480C-A31F-54F447BE88D6}"
EndProject
Project("{FAE04EC0-301F-11D3-BF4B-00C04F79EFBC}") = "13_verifica-competenze1", "04 - Assignment\13_verifica-competenze1\13_verifica-competenze1.csproj", "{76B24201-66E1-4EB0-9067-B950DAFD66FD}"
EndProject
Project("{FAE04EC0-301F-11D3-BF4B-00C04F79EFBC}") = "14_Persistenza-txt", "04 - Esercitazioni\14_Persistenza-txt\14_Persistenza-txt.csproj", "{AA572FAE-F9A3-4FB9-8968-A00BC27C2DC8}"
EndProject
Project("{FAE04EC0-301F-11D3-BF4B-00C04F79EFBC}") = "15_Metodi-files", "04 - Esercitazioni\15_Metodi-files\15_Metodi-files.csproj", "{E498F3F8-3712-489A-8975-9B014A4290BD}"
EndProject
Project("{FAE04EC0-301F-11D3-BF4B-00C04F79EFBC}") = "14_Sorteggio-Partecipanti-txt", "04 - Assignment\14_Sorteggio-Partecipanti-txt\14_Sorteggio-Partecipanti-txt.csproj", "{3C739D06-E6FE-423E-A394-00F3317017D6}"
EndProject
Project("{FAE04EC0-301F-11D3-BF4B-00C04F79EFBC}") = "15_Indovina-numero-con-txt-e-funzioni", "04 - Assignment\15_Indovina-numero-con-txt-e-funzioni\15_Indovina-numero-con-txt-e-funzioni.csproj", "{218CAE1A-3280-4D41-814C-50957C5BC8FB}"
EndProject
Project("{FAE04EC0-301F-11D3-BF4B-00C04F79EFBC}") = "21_Web-FrameWorks", "21_Web-FrameWorks\21_Web-FrameWorks.csproj", "{45F9FCF1-34F1-47C7-BBA4-D26FCBD087AF}"
EndProject
Project("{FAE04EC0-301F-11D3-BF4B-00C04F79EFBC}") = "18_Persistenza-CSV", "04 - Esercitazioni\18_Persistenza-CSV\18_Persistenza-CSV.csproj", "{E9228131-58EB-4464-905D-0D51FC2EDC2E}"
EndProject
Project("{FAE04EC0-301F-11D3-BF4B-00C04F79EFBC}") = "19_Persistenza-json", "04 - Esercitazioni\19_Persistenza-json\19_Persistenza-json.csproj", "{E09FDD81-ECDE-4054-B520-B99F38257EEE}"
EndProject
Project("{FAE04EC0-301F-11D3-BF4B-00C04F79EFBC}") = "16_indovina-numero-CSV", "04 - Assignment\16_indovina-numero-CSV\16_indovina-numero-CSV.csproj", "{D93191ED-E20B-4998-A850-15CEBEE0B5F1}"
EndProject
Project("{FAE04EC0-301F-11D3-BF4B-00C04F79EFBC}") = "17_SupermercatoCompletoDiFileETutto", "04 - Assignment\17_SupermercatoCompletoDiFileETutto\17_SupermercatoCompletoDiFileETutto.csproj", "{7C7F667D-2B69-4B88-AA35-635E8F52801B}"
EndProject
Project("{FAE04EC0-301F-11D3-BF4B-00C04F79EFBC}") = "18_Supermercato-bootstrap", "04 - Assignment\18_Supermercato-bootstrap\18_Supermercato-bootstrap.csproj", "{2E0D172C-D5AC-410B-BFDC-EA7DE84144FF}"
EndProject
Project("{FAE04EC0-301F-11D3-BF4B-00C04F79EFBC}") = "16_flexbox-tricks", "04 - Esercitazioni\16_flexbox-tricks\16_flexbox-tricks.csproj", "{DB88C309-CBF7-4F18-829E-A2031E40868F}"
EndProject
Project("{2150E333-8FDC-42A3-9474-1A3956D46DE8}") = "17_landing-bootstrap", "17_landing-bootstrap", "{6E56C18B-2863-4AA2-A29B-FB6ABF5075D7}"
EndProject
Project("{FAE04EC0-301F-11D3-BF4B-00C04F79EFBC}") = "Images", "04 - Esercitazioni\17_landing-bootstrap\Images\Images.csproj", "{57CA5E2A-0E94-47BE-AE88-48C08842E343}"
EndProject
Project("{FAE04EC0-301F-11D3-BF4B-00C04F79EFBC}") = "Classi_1parte", "04 - Esercitazioni\Classi_1parte\Classi_1parte.csproj", "{9B9FD00E-2F20-4E14-822B-F707ADFAB1DA}"
EndProject
Project("{FAE04EC0-301F-11D3-BF4B-00C04F79EFBC}") = "21_Classi_2parte", "04 - Esercitazioni\21_Classi_2parte\21_Classi_2parte.csproj", "{76A0DB12-5724-4113-BCDC-D58068985F64}"
EndProject
Project("{FAE04EC0-301F-11D3-BF4B-00C04F79EFBC}") = "22_Classi3parte", "04 - Esercitazioni\22_Classi3parte\22_Classi3parte.csproj", "{149F6F73-6AFE-4347-8008-35C0B9AF630E}"
EndProject
Project("{FAE04EC0-301F-11D3-BF4B-00C04F79EFBC}") = "23_Classi4parte", "04 - Esercitazioni\23_Classi4parte\23_Classi4parte.csproj", "{7BE5956C-1301-422D-A5F0-EECB03478625}"
EndProject
Project("{FAE04EC0-301F-11D3-BF4B-00C04F79EFBC}") = "24_Classi_5parte", "04 - Esercitazioni\24_Classi_5parte\24_Classi_5parte.csproj", "{61960A34-1E64-4733-A47B-0B8DAFCC7622}"
EndProject
Project("{FAE04EC0-301F-11D3-BF4B-00C04F79EFBC}") = "24_Classi5parte", "04 - Esercitazioni\24_Classi5parte\24_Classi5parte.csproj", "{5FA20208-EA08-406D-94FF-B46A0EAE802F}"
EndProject
Project("{FAE04EC0-301F-11D3-BF4B-00C04F79EFBC}") = "25_Classi6parte", "04 - Esercitazioni\25_Classi6parte\25_Classi6parte.csproj", "{956D8822-FB2C-4E87-9D66-267954E18D5E}"
EndProject
Project("{FAE04EC0-301F-11D3-BF4B-00C04F79EFBC}") = "25_CLASSI_6-2", "04 - Esercitazioni\25_CLASSI_6-2\25_CLASSI_6-2.csproj", "{65301F2F-7DF5-4B11-936B-565FAB595726}"
EndProject
Project("{FAE04EC0-301F-11D3-BF4B-00C04F79EFBC}") = "26_Classi7parte", "04 - Esercitazioni\26_Classi7parte\26_Classi7parte.csproj", "{D3591764-2508-4FCE-8B0B-5F3E45F20927}"
EndProject
Project("{FAE04EC0-301F-11D3-BF4B-00C04F79EFBC}") = "27_Classi8parte", "04 - Esercitazioni\27_Classi8parte\27_Classi8parte.csproj", "{15515628-AE95-463A-BB50-B4A6CBCE2F2C}"
EndProject
Project("{FAE04EC0-301F-11D3-BF4B-00C04F79EFBC}") = "19_SupermercatoAdvanced", "04 - Assignment\19_SupermercatoAdvanced\19_SupermercatoAdvanced.csproj", "{264A1D53-F39E-4454-A6D0-E79F929FA16E}"
EndProject
Project("{FAE04EC0-301F-11D3-BF4B-00C04F79EFBC}") = "30_Sql-csharp-Console", "04 - Esercitazioni\30_Sql-csharp-Console\30_Sql-csharp-Console.csproj", "{C4450395-01D5-4F2C-9500-1E4B768CBA49}"
EndProject
Project("{FAE04EC0-301F-11D3-BF4B-00C04F79EFBC}") = "31_Sql-csharp-Console-Semantic", "04 - Esercitazioni\31_Sql-csharp-Console-Semantic\31_Sql-csharp-Console-Semantic.csproj", "{73269FC4-613B-4AEB-AF5F-2649CD90DA07}"
EndProject
Project("{FAE04EC0-301F-11D3-BF4B-00C04F79EFBC}") = "32_MVC-Console", "04 - Esercitazioni\32_MVC-Console\32_MVC-Console.csproj", "{9BF79777-F0D7-4C9B-ADD4-DAE743602D57}"
EndProject
Project("{FAE04EC0-301F-11D3-BF4B-00C04F79EFBC}") = "20_SQL-MVC", "04 - Assignment\20_SQL-MVC\20_SQL-MVC.csproj", "{7AE1C6EE-51E8-4F1B-80B6-C899855D486B}"
EndProject
Project("{FAE04EC0-301F-11D3-BF4B-00C04F79EFBC}") = "31_impaginazioneConsole", "04 - Esercitazioni\31_impaginazioneConsole\31_impaginazioneConsole.csproj", "{3B126300-B85E-4DA2-B496-7F829D2DF895}"
EndProject
Project("{FAE04EC0-301F-11D3-BF4B-00C04F79EFBC}") = "34_WebApp", "04 - Esercitazioni\34_WebApp\34_WebApp.csproj", "{49864B77-5E20-4653-A971-BE82BE0AF77E}"
EndProject
Project("{FAE04EC0-301F-11D3-BF4B-00C04F79EFBC}") = "35_WebAppProdotti", "04 - Esercitazioni\35_WebAppProdotti\35_WebAppProdotti.csproj", "{4A8B7BF7-D3E7-4254-9456-E408B3BBE6E7}"
EndProject
Project("{FAE04EC0-301F-11D3-BF4B-00C04F79EFBC}") = "36_WebAppProduct", "04 - Esercitazioni\36_WebAppProduct\36_WebAppProduct.csproj", "{31BACB53-72EA-4E7F-904C-75583CE87A80}"
EndProject
Project("{FAE04EC0-301F-11D3-BF4B-00C04F79EFBC}") = "36_WebAppProduct", "36_WebAppProduct\36_WebAppProduct.csproj", "{D6BCA905-A6F7-4FA8-9067-E079215A7DE0}"
EndProject
Global
	GlobalSection(SolutionConfigurationPlatforms) = preSolution
		Debug|Any CPU = Debug|Any CPU
		Release|Any CPU = Release|Any CPU
	EndGlobalSection
	GlobalSection(SolutionProperties) = preSolution
		HideSolutionNode = FALSE
	EndGlobalSection
	GlobalSection(ProjectConfigurationPlatforms) = postSolution
		{15AA9B97-53F1-42EA-96FE-CEB3707A6E19}.Debug|Any CPU.ActiveCfg = Debug|Any CPU
		{15AA9B97-53F1-42EA-96FE-CEB3707A6E19}.Debug|Any CPU.Build.0 = Debug|Any CPU
		{15AA9B97-53F1-42EA-96FE-CEB3707A6E19}.Release|Any CPU.ActiveCfg = Release|Any CPU
		{15AA9B97-53F1-42EA-96FE-CEB3707A6E19}.Release|Any CPU.Build.0 = Release|Any CPU
		{1DC41327-AB17-4D6E-8E48-B902C663AAF5}.Debug|Any CPU.ActiveCfg = Debug|Any CPU
		{1DC41327-AB17-4D6E-8E48-B902C663AAF5}.Debug|Any CPU.Build.0 = Debug|Any CPU
		{1DC41327-AB17-4D6E-8E48-B902C663AAF5}.Release|Any CPU.ActiveCfg = Release|Any CPU
		{1DC41327-AB17-4D6E-8E48-B902C663AAF5}.Release|Any CPU.Build.0 = Release|Any CPU
		{1653E4B5-7E89-46E7-84AD-E304651BA6A6}.Debug|Any CPU.ActiveCfg = Debug|Any CPU
		{1653E4B5-7E89-46E7-84AD-E304651BA6A6}.Debug|Any CPU.Build.0 = Debug|Any CPU
		{1653E4B5-7E89-46E7-84AD-E304651BA6A6}.Release|Any CPU.ActiveCfg = Release|Any CPU
		{1653E4B5-7E89-46E7-84AD-E304651BA6A6}.Release|Any CPU.Build.0 = Release|Any CPU
		{739A8D8B-71CC-48BA-9B25-4060E76AEFAE}.Debug|Any CPU.ActiveCfg = Debug|Any CPU
		{739A8D8B-71CC-48BA-9B25-4060E76AEFAE}.Debug|Any CPU.Build.0 = Debug|Any CPU
		{739A8D8B-71CC-48BA-9B25-4060E76AEFAE}.Release|Any CPU.ActiveCfg = Release|Any CPU
		{739A8D8B-71CC-48BA-9B25-4060E76AEFAE}.Release|Any CPU.Build.0 = Release|Any CPU
		{771870D2-0D25-4DBB-A955-1DAD6C49F369}.Debug|Any CPU.ActiveCfg = Debug|Any CPU
		{771870D2-0D25-4DBB-A955-1DAD6C49F369}.Debug|Any CPU.Build.0 = Debug|Any CPU
		{771870D2-0D25-4DBB-A955-1DAD6C49F369}.Release|Any CPU.ActiveCfg = Release|Any CPU
		{771870D2-0D25-4DBB-A955-1DAD6C49F369}.Release|Any CPU.Build.0 = Release|Any CPU
		{4DD9014E-DC34-4E04-84EE-4E6B9F90BC80}.Debug|Any CPU.ActiveCfg = Debug|Any CPU
		{4DD9014E-DC34-4E04-84EE-4E6B9F90BC80}.Debug|Any CPU.Build.0 = Debug|Any CPU
		{4DD9014E-DC34-4E04-84EE-4E6B9F90BC80}.Release|Any CPU.ActiveCfg = Release|Any CPU
		{4DD9014E-DC34-4E04-84EE-4E6B9F90BC80}.Release|Any CPU.Build.0 = Release|Any CPU
		{D255033C-6875-4480-8A89-082CF05B19DF}.Debug|Any CPU.ActiveCfg = Debug|Any CPU
		{D255033C-6875-4480-8A89-082CF05B19DF}.Debug|Any CPU.Build.0 = Debug|Any CPU
		{D255033C-6875-4480-8A89-082CF05B19DF}.Release|Any CPU.ActiveCfg = Release|Any CPU
		{D255033C-6875-4480-8A89-082CF05B19DF}.Release|Any CPU.Build.0 = Release|Any CPU
		{A52F977A-171A-4130-A45F-3FBB23E70056}.Debug|Any CPU.ActiveCfg = Debug|Any CPU
		{A52F977A-171A-4130-A45F-3FBB23E70056}.Debug|Any CPU.Build.0 = Debug|Any CPU
		{A52F977A-171A-4130-A45F-3FBB23E70056}.Release|Any CPU.ActiveCfg = Release|Any CPU
		{A52F977A-171A-4130-A45F-3FBB23E70056}.Release|Any CPU.Build.0 = Release|Any CPU
		{BF1B25B4-5EFE-4576-8505-1CEA5FB64770}.Debug|Any CPU.ActiveCfg = Debug|Any CPU
		{BF1B25B4-5EFE-4576-8505-1CEA5FB64770}.Debug|Any CPU.Build.0 = Debug|Any CPU
		{BF1B25B4-5EFE-4576-8505-1CEA5FB64770}.Release|Any CPU.ActiveCfg = Release|Any CPU
		{BF1B25B4-5EFE-4576-8505-1CEA5FB64770}.Release|Any CPU.Build.0 = Release|Any CPU
		{F73A1D32-E623-4E94-831B-649327C7EFED}.Debug|Any CPU.ActiveCfg = Debug|Any CPU
		{F73A1D32-E623-4E94-831B-649327C7EFED}.Debug|Any CPU.Build.0 = Debug|Any CPU
		{F73A1D32-E623-4E94-831B-649327C7EFED}.Release|Any CPU.ActiveCfg = Release|Any CPU
		{F73A1D32-E623-4E94-831B-649327C7EFED}.Release|Any CPU.Build.0 = Release|Any CPU
		{71C80A54-C18D-46FE-954B-E4D6A8E1A66A}.Debug|Any CPU.ActiveCfg = Debug|Any CPU
		{71C80A54-C18D-46FE-954B-E4D6A8E1A66A}.Debug|Any CPU.Build.0 = Debug|Any CPU
		{71C80A54-C18D-46FE-954B-E4D6A8E1A66A}.Release|Any CPU.ActiveCfg = Release|Any CPU
		{71C80A54-C18D-46FE-954B-E4D6A8E1A66A}.Release|Any CPU.Build.0 = Release|Any CPU
		{48F34708-A3A5-4483-9736-878D29948469}.Debug|Any CPU.ActiveCfg = Debug|Any CPU
		{48F34708-A3A5-4483-9736-878D29948469}.Debug|Any CPU.Build.0 = Debug|Any CPU
		{48F34708-A3A5-4483-9736-878D29948469}.Release|Any CPU.ActiveCfg = Release|Any CPU
		{48F34708-A3A5-4483-9736-878D29948469}.Release|Any CPU.Build.0 = Release|Any CPU
		{22036271-18E0-457F-AF4A-498966D29EB4}.Debug|Any CPU.ActiveCfg = Debug|Any CPU
		{22036271-18E0-457F-AF4A-498966D29EB4}.Debug|Any CPU.Build.0 = Debug|Any CPU
		{22036271-18E0-457F-AF4A-498966D29EB4}.Release|Any CPU.ActiveCfg = Release|Any CPU
		{22036271-18E0-457F-AF4A-498966D29EB4}.Release|Any CPU.Build.0 = Release|Any CPU
		{9E2A0DC3-E169-4B95-8E49-2A5414E1DBCC}.Debug|Any CPU.ActiveCfg = Debug|Any CPU
		{9E2A0DC3-E169-4B95-8E49-2A5414E1DBCC}.Debug|Any CPU.Build.0 = Debug|Any CPU
		{9E2A0DC3-E169-4B95-8E49-2A5414E1DBCC}.Release|Any CPU.ActiveCfg = Release|Any CPU
		{9E2A0DC3-E169-4B95-8E49-2A5414E1DBCC}.Release|Any CPU.Build.0 = Release|Any CPU
		{4E73B964-0BE3-448F-8B08-EF316C973D37}.Debug|Any CPU.ActiveCfg = Debug|Any CPU
		{4E73B964-0BE3-448F-8B08-EF316C973D37}.Debug|Any CPU.Build.0 = Debug|Any CPU
		{4E73B964-0BE3-448F-8B08-EF316C973D37}.Release|Any CPU.ActiveCfg = Release|Any CPU
		{4E73B964-0BE3-448F-8B08-EF316C973D37}.Release|Any CPU.Build.0 = Release|Any CPU
		{5EB46E19-59D2-45FD-B6DA-F9A3B2914C12}.Debug|Any CPU.ActiveCfg = Debug|Any CPU
		{5EB46E19-59D2-45FD-B6DA-F9A3B2914C12}.Debug|Any CPU.Build.0 = Debug|Any CPU
		{5EB46E19-59D2-45FD-B6DA-F9A3B2914C12}.Release|Any CPU.ActiveCfg = Release|Any CPU
		{5EB46E19-59D2-45FD-B6DA-F9A3B2914C12}.Release|Any CPU.Build.0 = Release|Any CPU
		{2C2BA8E6-C6DF-4297-8310-211984C653DB}.Debug|Any CPU.ActiveCfg = Debug|Any CPU
		{2C2BA8E6-C6DF-4297-8310-211984C653DB}.Debug|Any CPU.Build.0 = Debug|Any CPU
		{2C2BA8E6-C6DF-4297-8310-211984C653DB}.Release|Any CPU.ActiveCfg = Release|Any CPU
		{2C2BA8E6-C6DF-4297-8310-211984C653DB}.Release|Any CPU.Build.0 = Release|Any CPU
		{2C8ECDC8-B910-4C50-82EB-8FB72646E709}.Debug|Any CPU.ActiveCfg = Debug|Any CPU
		{2C8ECDC8-B910-4C50-82EB-8FB72646E709}.Debug|Any CPU.Build.0 = Debug|Any CPU
		{2C8ECDC8-B910-4C50-82EB-8FB72646E709}.Release|Any CPU.ActiveCfg = Release|Any CPU
		{2C8ECDC8-B910-4C50-82EB-8FB72646E709}.Release|Any CPU.Build.0 = Release|Any CPU
		{262AE268-BFB3-4ED9-B31C-72D668A83488}.Debug|Any CPU.ActiveCfg = Debug|Any CPU
		{262AE268-BFB3-4ED9-B31C-72D668A83488}.Debug|Any CPU.Build.0 = Debug|Any CPU
		{262AE268-BFB3-4ED9-B31C-72D668A83488}.Release|Any CPU.ActiveCfg = Release|Any CPU
		{262AE268-BFB3-4ED9-B31C-72D668A83488}.Release|Any CPU.Build.0 = Release|Any CPU
		{C81D2B90-C016-480C-A31F-54F447BE88D6}.Debug|Any CPU.ActiveCfg = Debug|Any CPU
		{C81D2B90-C016-480C-A31F-54F447BE88D6}.Debug|Any CPU.Build.0 = Debug|Any CPU
		{C81D2B90-C016-480C-A31F-54F447BE88D6}.Release|Any CPU.ActiveCfg = Release|Any CPU
		{C81D2B90-C016-480C-A31F-54F447BE88D6}.Release|Any CPU.Build.0 = Release|Any CPU
		{76B24201-66E1-4EB0-9067-B950DAFD66FD}.Debug|Any CPU.ActiveCfg = Debug|Any CPU
		{76B24201-66E1-4EB0-9067-B950DAFD66FD}.Debug|Any CPU.Build.0 = Debug|Any CPU
		{76B24201-66E1-4EB0-9067-B950DAFD66FD}.Release|Any CPU.ActiveCfg = Release|Any CPU
		{76B24201-66E1-4EB0-9067-B950DAFD66FD}.Release|Any CPU.Build.0 = Release|Any CPU
		{AA572FAE-F9A3-4FB9-8968-A00BC27C2DC8}.Debug|Any CPU.ActiveCfg = Debug|Any CPU
		{AA572FAE-F9A3-4FB9-8968-A00BC27C2DC8}.Debug|Any CPU.Build.0 = Debug|Any CPU
		{AA572FAE-F9A3-4FB9-8968-A00BC27C2DC8}.Release|Any CPU.ActiveCfg = Release|Any CPU
		{AA572FAE-F9A3-4FB9-8968-A00BC27C2DC8}.Release|Any CPU.Build.0 = Release|Any CPU
		{E498F3F8-3712-489A-8975-9B014A4290BD}.Debug|Any CPU.ActiveCfg = Debug|Any CPU
		{E498F3F8-3712-489A-8975-9B014A4290BD}.Debug|Any CPU.Build.0 = Debug|Any CPU
		{E498F3F8-3712-489A-8975-9B014A4290BD}.Release|Any CPU.ActiveCfg = Release|Any CPU
		{E498F3F8-3712-489A-8975-9B014A4290BD}.Release|Any CPU.Build.0 = Release|Any CPU
		{3C739D06-E6FE-423E-A394-00F3317017D6}.Debug|Any CPU.ActiveCfg = Debug|Any CPU
		{3C739D06-E6FE-423E-A394-00F3317017D6}.Debug|Any CPU.Build.0 = Debug|Any CPU
		{3C739D06-E6FE-423E-A394-00F3317017D6}.Release|Any CPU.ActiveCfg = Release|Any CPU
		{3C739D06-E6FE-423E-A394-00F3317017D6}.Release|Any CPU.Build.0 = Release|Any CPU
		{218CAE1A-3280-4D41-814C-50957C5BC8FB}.Debug|Any CPU.ActiveCfg = Debug|Any CPU
		{218CAE1A-3280-4D41-814C-50957C5BC8FB}.Debug|Any CPU.Build.0 = Debug|Any CPU
		{218CAE1A-3280-4D41-814C-50957C5BC8FB}.Release|Any CPU.ActiveCfg = Release|Any CPU
		{218CAE1A-3280-4D41-814C-50957C5BC8FB}.Release|Any CPU.Build.0 = Release|Any CPU
		{45F9FCF1-34F1-47C7-BBA4-D26FCBD087AF}.Debug|Any CPU.ActiveCfg = Debug|Any CPU
		{45F9FCF1-34F1-47C7-BBA4-D26FCBD087AF}.Debug|Any CPU.Build.0 = Debug|Any CPU
		{45F9FCF1-34F1-47C7-BBA4-D26FCBD087AF}.Release|Any CPU.ActiveCfg = Release|Any CPU
		{45F9FCF1-34F1-47C7-BBA4-D26FCBD087AF}.Release|Any CPU.Build.0 = Release|Any CPU
		{E9228131-58EB-4464-905D-0D51FC2EDC2E}.Debug|Any CPU.ActiveCfg = Debug|Any CPU
		{E9228131-58EB-4464-905D-0D51FC2EDC2E}.Debug|Any CPU.Build.0 = Debug|Any CPU
		{E9228131-58EB-4464-905D-0D51FC2EDC2E}.Release|Any CPU.ActiveCfg = Release|Any CPU
		{E9228131-58EB-4464-905D-0D51FC2EDC2E}.Release|Any CPU.Build.0 = Release|Any CPU
		{E09FDD81-ECDE-4054-B520-B99F38257EEE}.Debug|Any CPU.ActiveCfg = Debug|Any CPU
		{E09FDD81-ECDE-4054-B520-B99F38257EEE}.Debug|Any CPU.Build.0 = Debug|Any CPU
		{E09FDD81-ECDE-4054-B520-B99F38257EEE}.Release|Any CPU.ActiveCfg = Release|Any CPU
		{E09FDD81-ECDE-4054-B520-B99F38257EEE}.Release|Any CPU.Build.0 = Release|Any CPU
		{D93191ED-E20B-4998-A850-15CEBEE0B5F1}.Debug|Any CPU.ActiveCfg = Debug|Any CPU
		{D93191ED-E20B-4998-A850-15CEBEE0B5F1}.Debug|Any CPU.Build.0 = Debug|Any CPU
		{D93191ED-E20B-4998-A850-15CEBEE0B5F1}.Release|Any CPU.ActiveCfg = Release|Any CPU
		{D93191ED-E20B-4998-A850-15CEBEE0B5F1}.Release|Any CPU.Build.0 = Release|Any CPU
		{7C7F667D-2B69-4B88-AA35-635E8F52801B}.Debug|Any CPU.ActiveCfg = Debug|Any CPU
		{7C7F667D-2B69-4B88-AA35-635E8F52801B}.Debug|Any CPU.Build.0 = Debug|Any CPU
		{7C7F667D-2B69-4B88-AA35-635E8F52801B}.Release|Any CPU.ActiveCfg = Release|Any CPU
		{7C7F667D-2B69-4B88-AA35-635E8F52801B}.Release|Any CPU.Build.0 = Release|Any CPU
		{2E0D172C-D5AC-410B-BFDC-EA7DE84144FF}.Debug|Any CPU.ActiveCfg = Debug|Any CPU
		{2E0D172C-D5AC-410B-BFDC-EA7DE84144FF}.Debug|Any CPU.Build.0 = Debug|Any CPU
		{2E0D172C-D5AC-410B-BFDC-EA7DE84144FF}.Release|Any CPU.ActiveCfg = Release|Any CPU
		{2E0D172C-D5AC-410B-BFDC-EA7DE84144FF}.Release|Any CPU.Build.0 = Release|Any CPU
		{DB88C309-CBF7-4F18-829E-A2031E40868F}.Debug|Any CPU.ActiveCfg = Debug|Any CPU
		{DB88C309-CBF7-4F18-829E-A2031E40868F}.Debug|Any CPU.Build.0 = Debug|Any CPU
		{DB88C309-CBF7-4F18-829E-A2031E40868F}.Release|Any CPU.ActiveCfg = Release|Any CPU
		{DB88C309-CBF7-4F18-829E-A2031E40868F}.Release|Any CPU.Build.0 = Release|Any CPU
		{57CA5E2A-0E94-47BE-AE88-48C08842E343}.Debug|Any CPU.ActiveCfg = Debug|Any CPU
		{57CA5E2A-0E94-47BE-AE88-48C08842E343}.Debug|Any CPU.Build.0 = Debug|Any CPU
		{57CA5E2A-0E94-47BE-AE88-48C08842E343}.Release|Any CPU.ActiveCfg = Release|Any CPU
		{57CA5E2A-0E94-47BE-AE88-48C08842E343}.Release|Any CPU.Build.0 = Release|Any CPU
		{9B9FD00E-2F20-4E14-822B-F707ADFAB1DA}.Debug|Any CPU.ActiveCfg = Debug|Any CPU
		{9B9FD00E-2F20-4E14-822B-F707ADFAB1DA}.Debug|Any CPU.Build.0 = Debug|Any CPU
		{9B9FD00E-2F20-4E14-822B-F707ADFAB1DA}.Release|Any CPU.ActiveCfg = Release|Any CPU
		{9B9FD00E-2F20-4E14-822B-F707ADFAB1DA}.Release|Any CPU.Build.0 = Release|Any CPU
		{76A0DB12-5724-4113-BCDC-D58068985F64}.Debug|Any CPU.ActiveCfg = Debug|Any CPU
		{76A0DB12-5724-4113-BCDC-D58068985F64}.Debug|Any CPU.Build.0 = Debug|Any CPU
		{76A0DB12-5724-4113-BCDC-D58068985F64}.Release|Any CPU.ActiveCfg = Release|Any CPU
		{76A0DB12-5724-4113-BCDC-D58068985F64}.Release|Any CPU.Build.0 = Release|Any CPU
		{149F6F73-6AFE-4347-8008-35C0B9AF630E}.Debug|Any CPU.ActiveCfg = Debug|Any CPU
		{149F6F73-6AFE-4347-8008-35C0B9AF630E}.Debug|Any CPU.Build.0 = Debug|Any CPU
		{149F6F73-6AFE-4347-8008-35C0B9AF630E}.Release|Any CPU.ActiveCfg = Release|Any CPU
		{149F6F73-6AFE-4347-8008-35C0B9AF630E}.Release|Any CPU.Build.0 = Release|Any CPU
		{7BE5956C-1301-422D-A5F0-EECB03478625}.Debug|Any CPU.ActiveCfg = Debug|Any CPU
		{7BE5956C-1301-422D-A5F0-EECB03478625}.Debug|Any CPU.Build.0 = Debug|Any CPU
		{7BE5956C-1301-422D-A5F0-EECB03478625}.Release|Any CPU.ActiveCfg = Release|Any CPU
		{7BE5956C-1301-422D-A5F0-EECB03478625}.Release|Any CPU.Build.0 = Release|Any CPU
		{61960A34-1E64-4733-A47B-0B8DAFCC7622}.Debug|Any CPU.ActiveCfg = Debug|Any CPU
		{61960A34-1E64-4733-A47B-0B8DAFCC7622}.Debug|Any CPU.Build.0 = Debug|Any CPU
		{61960A34-1E64-4733-A47B-0B8DAFCC7622}.Release|Any CPU.ActiveCfg = Release|Any CPU
		{61960A34-1E64-4733-A47B-0B8DAFCC7622}.Release|Any CPU.Build.0 = Release|Any CPU
		{5FA20208-EA08-406D-94FF-B46A0EAE802F}.Debug|Any CPU.ActiveCfg = Debug|Any CPU
		{5FA20208-EA08-406D-94FF-B46A0EAE802F}.Debug|Any CPU.Build.0 = Debug|Any CPU
		{5FA20208-EA08-406D-94FF-B46A0EAE802F}.Release|Any CPU.ActiveCfg = Release|Any CPU
		{5FA20208-EA08-406D-94FF-B46A0EAE802F}.Release|Any CPU.Build.0 = Release|Any CPU
		{956D8822-FB2C-4E87-9D66-267954E18D5E}.Debug|Any CPU.ActiveCfg = Debug|Any CPU
		{956D8822-FB2C-4E87-9D66-267954E18D5E}.Debug|Any CPU.Build.0 = Debug|Any CPU
		{956D8822-FB2C-4E87-9D66-267954E18D5E}.Release|Any CPU.ActiveCfg = Release|Any CPU
		{956D8822-FB2C-4E87-9D66-267954E18D5E}.Release|Any CPU.Build.0 = Release|Any CPU
		{65301F2F-7DF5-4B11-936B-565FAB595726}.Debug|Any CPU.ActiveCfg = Debug|Any CPU
		{65301F2F-7DF5-4B11-936B-565FAB595726}.Debug|Any CPU.Build.0 = Debug|Any CPU
		{65301F2F-7DF5-4B11-936B-565FAB595726}.Release|Any CPU.ActiveCfg = Release|Any CPU
		{65301F2F-7DF5-4B11-936B-565FAB595726}.Release|Any CPU.Build.0 = Release|Any CPU
		{D3591764-2508-4FCE-8B0B-5F3E45F20927}.Debug|Any CPU.ActiveCfg = Debug|Any CPU
		{D3591764-2508-4FCE-8B0B-5F3E45F20927}.Debug|Any CPU.Build.0 = Debug|Any CPU
		{D3591764-2508-4FCE-8B0B-5F3E45F20927}.Release|Any CPU.ActiveCfg = Release|Any CPU
		{D3591764-2508-4FCE-8B0B-5F3E45F20927}.Release|Any CPU.Build.0 = Release|Any CPU
		{15515628-AE95-463A-BB50-B4A6CBCE2F2C}.Debug|Any CPU.ActiveCfg = Debug|Any CPU
		{15515628-AE95-463A-BB50-B4A6CBCE2F2C}.Debug|Any CPU.Build.0 = Debug|Any CPU
		{15515628-AE95-463A-BB50-B4A6CBCE2F2C}.Release|Any CPU.ActiveCfg = Release|Any CPU
		{15515628-AE95-463A-BB50-B4A6CBCE2F2C}.Release|Any CPU.Build.0 = Release|Any CPU
		{264A1D53-F39E-4454-A6D0-E79F929FA16E}.Debug|Any CPU.ActiveCfg = Debug|Any CPU
		{264A1D53-F39E-4454-A6D0-E79F929FA16E}.Debug|Any CPU.Build.0 = Debug|Any CPU
		{264A1D53-F39E-4454-A6D0-E79F929FA16E}.Release|Any CPU.ActiveCfg = Release|Any CPU
		{264A1D53-F39E-4454-A6D0-E79F929FA16E}.Release|Any CPU.Build.0 = Release|Any CPU
		{C4450395-01D5-4F2C-9500-1E4B768CBA49}.Debug|Any CPU.ActiveCfg = Debug|Any CPU
		{C4450395-01D5-4F2C-9500-1E4B768CBA49}.Debug|Any CPU.Build.0 = Debug|Any CPU
		{C4450395-01D5-4F2C-9500-1E4B768CBA49}.Release|Any CPU.ActiveCfg = Release|Any CPU
		{C4450395-01D5-4F2C-9500-1E4B768CBA49}.Release|Any CPU.Build.0 = Release|Any CPU
		{73269FC4-613B-4AEB-AF5F-2649CD90DA07}.Debug|Any CPU.ActiveCfg = Debug|Any CPU
		{73269FC4-613B-4AEB-AF5F-2649CD90DA07}.Debug|Any CPU.Build.0 = Debug|Any CPU
		{73269FC4-613B-4AEB-AF5F-2649CD90DA07}.Release|Any CPU.ActiveCfg = Release|Any CPU
		{73269FC4-613B-4AEB-AF5F-2649CD90DA07}.Release|Any CPU.Build.0 = Release|Any CPU
		{9BF79777-F0D7-4C9B-ADD4-DAE743602D57}.Debug|Any CPU.ActiveCfg = Debug|Any CPU
		{9BF79777-F0D7-4C9B-ADD4-DAE743602D57}.Debug|Any CPU.Build.0 = Debug|Any CPU
		{9BF79777-F0D7-4C9B-ADD4-DAE743602D57}.Release|Any CPU.ActiveCfg = Release|Any CPU
		{9BF79777-F0D7-4C9B-ADD4-DAE743602D57}.Release|Any CPU.Build.0 = Release|Any CPU
		{7AE1C6EE-51E8-4F1B-80B6-C899855D486B}.Debug|Any CPU.ActiveCfg = Debug|Any CPU
		{7AE1C6EE-51E8-4F1B-80B6-C899855D486B}.Debug|Any CPU.Build.0 = Debug|Any CPU
		{7AE1C6EE-51E8-4F1B-80B6-C899855D486B}.Release|Any CPU.ActiveCfg = Release|Any CPU
		{7AE1C6EE-51E8-4F1B-80B6-C899855D486B}.Release|Any CPU.Build.0 = Release|Any CPU
		{3B126300-B85E-4DA2-B496-7F829D2DF895}.Debug|Any CPU.ActiveCfg = Debug|Any CPU
		{3B126300-B85E-4DA2-B496-7F829D2DF895}.Debug|Any CPU.Build.0 = Debug|Any CPU
		{3B126300-B85E-4DA2-B496-7F829D2DF895}.Release|Any CPU.ActiveCfg = Release|Any CPU
		{3B126300-B85E-4DA2-B496-7F829D2DF895}.Release|Any CPU.Build.0 = Release|Any CPU
		{49864B77-5E20-4653-A971-BE82BE0AF77E}.Debug|Any CPU.ActiveCfg = Debug|Any CPU
		{49864B77-5E20-4653-A971-BE82BE0AF77E}.Debug|Any CPU.Build.0 = Debug|Any CPU
		{49864B77-5E20-4653-A971-BE82BE0AF77E}.Release|Any CPU.ActiveCfg = Release|Any CPU
		{49864B77-5E20-4653-A971-BE82BE0AF77E}.Release|Any CPU.Build.0 = Release|Any CPU
		{4A8B7BF7-D3E7-4254-9456-E408B3BBE6E7}.Debug|Any CPU.ActiveCfg = Debug|Any CPU
		{4A8B7BF7-D3E7-4254-9456-E408B3BBE6E7}.Debug|Any CPU.Build.0 = Debug|Any CPU
		{4A8B7BF7-D3E7-4254-9456-E408B3BBE6E7}.Release|Any CPU.ActiveCfg = Release|Any CPU
		{4A8B7BF7-D3E7-4254-9456-E408B3BBE6E7}.Release|Any CPU.Build.0 = Release|Any CPU
		{31BACB53-72EA-4E7F-904C-75583CE87A80}.Debug|Any CPU.ActiveCfg = Debug|Any CPU
		{31BACB53-72EA-4E7F-904C-75583CE87A80}.Debug|Any CPU.Build.0 = Debug|Any CPU
		{31BACB53-72EA-4E7F-904C-75583CE87A80}.Release|Any CPU.ActiveCfg = Release|Any CPU
		{31BACB53-72EA-4E7F-904C-75583CE87A80}.Release|Any CPU.Build.0 = Release|Any CPU
		{D6BCA905-A6F7-4FA8-9067-E079215A7DE0}.Debug|Any CPU.ActiveCfg = Debug|Any CPU
		{D6BCA905-A6F7-4FA8-9067-E079215A7DE0}.Debug|Any CPU.Build.0 = Debug|Any CPU
		{D6BCA905-A6F7-4FA8-9067-E079215A7DE0}.Release|Any CPU.ActiveCfg = Release|Any CPU
		{D6BCA905-A6F7-4FA8-9067-E079215A7DE0}.Release|Any CPU.Build.0 = Release|Any CPU
	EndGlobalSection
	GlobalSection(NestedProjects) = preSolution
		{1DC41327-AB17-4D6E-8E48-B902C663AAF5} = {A6E49C14-6254-4D59-BAE2-25C36A31B992}
		{1653E4B5-7E89-46E7-84AD-E304651BA6A6} = {A6E49C14-6254-4D59-BAE2-25C36A31B992}
		{739A8D8B-71CC-48BA-9B25-4060E76AEFAE} = {FE28457B-F715-4D30-860B-CE04C5E5F7ED}
		{771870D2-0D25-4DBB-A955-1DAD6C49F369} = {22465E63-431C-46C0-AA8B-24DE76DE64E8}
		{4DD9014E-DC34-4E04-84EE-4E6B9F90BC80} = {22465E63-431C-46C0-AA8B-24DE76DE64E8}
		{D255033C-6875-4480-8A89-082CF05B19DF} = {22465E63-431C-46C0-AA8B-24DE76DE64E8}
		{A52F977A-171A-4130-A45F-3FBB23E70056} = {FE28457B-F715-4D30-860B-CE04C5E5F7ED}
		{BF1B25B4-5EFE-4576-8505-1CEA5FB64770} = {FE28457B-F715-4D30-860B-CE04C5E5F7ED}
		{F73A1D32-E623-4E94-831B-649327C7EFED} = {FE28457B-F715-4D30-860B-CE04C5E5F7ED}
		{71C80A54-C18D-46FE-954B-E4D6A8E1A66A} = {22465E63-431C-46C0-AA8B-24DE76DE64E8}
		{48F34708-A3A5-4483-9736-878D29948469} = {FE28457B-F715-4D30-860B-CE04C5E5F7ED}
		{22036271-18E0-457F-AF4A-498966D29EB4} = {FE28457B-F715-4D30-860B-CE04C5E5F7ED}
		{0272CDA7-84AE-469D-91BE-71AA53CDF1B7} = {FE28457B-F715-4D30-860B-CE04C5E5F7ED}
		{9E2A0DC3-E169-4B95-8E49-2A5414E1DBCC} = {0272CDA7-84AE-469D-91BE-71AA53CDF1B7}
		{4E73B964-0BE3-448F-8B08-EF316C973D37} = {FE28457B-F715-4D30-860B-CE04C5E5F7ED}
		{5EB46E19-59D2-45FD-B6DA-F9A3B2914C12} = {22465E63-431C-46C0-AA8B-24DE76DE64E8}
		{2C2BA8E6-C6DF-4297-8310-211984C653DB} = {FE28457B-F715-4D30-860B-CE04C5E5F7ED}
		{2C8ECDC8-B910-4C50-82EB-8FB72646E709} = {FE28457B-F715-4D30-860B-CE04C5E5F7ED}
		{262AE268-BFB3-4ED9-B31C-72D668A83488} = {FE28457B-F715-4D30-860B-CE04C5E5F7ED}
		{C81D2B90-C016-480C-A31F-54F447BE88D6} = {FE28457B-F715-4D30-860B-CE04C5E5F7ED}
		{76B24201-66E1-4EB0-9067-B950DAFD66FD} = {FE28457B-F715-4D30-860B-CE04C5E5F7ED}
		{AA572FAE-F9A3-4FB9-8968-A00BC27C2DC8} = {22465E63-431C-46C0-AA8B-24DE76DE64E8}
		{E498F3F8-3712-489A-8975-9B014A4290BD} = {22465E63-431C-46C0-AA8B-24DE76DE64E8}
		{3C739D06-E6FE-423E-A394-00F3317017D6} = {FE28457B-F715-4D30-860B-CE04C5E5F7ED}
		{218CAE1A-3280-4D41-814C-50957C5BC8FB} = {FE28457B-F715-4D30-860B-CE04C5E5F7ED}
		{E9228131-58EB-4464-905D-0D51FC2EDC2E} = {22465E63-431C-46C0-AA8B-24DE76DE64E8}
		{E09FDD81-ECDE-4054-B520-B99F38257EEE} = {22465E63-431C-46C0-AA8B-24DE76DE64E8}
		{D93191ED-E20B-4998-A850-15CEBEE0B5F1} = {FE28457B-F715-4D30-860B-CE04C5E5F7ED}
		{7C7F667D-2B69-4B88-AA35-635E8F52801B} = {FE28457B-F715-4D30-860B-CE04C5E5F7ED}
		{2E0D172C-D5AC-410B-BFDC-EA7DE84144FF} = {FE28457B-F715-4D30-860B-CE04C5E5F7ED}
		{DB88C309-CBF7-4F18-829E-A2031E40868F} = {22465E63-431C-46C0-AA8B-24DE76DE64E8}
		{6E56C18B-2863-4AA2-A29B-FB6ABF5075D7} = {22465E63-431C-46C0-AA8B-24DE76DE64E8}
		{57CA5E2A-0E94-47BE-AE88-48C08842E343} = {6E56C18B-2863-4AA2-A29B-FB6ABF5075D7}
		{9B9FD00E-2F20-4E14-822B-F707ADFAB1DA} = {22465E63-431C-46C0-AA8B-24DE76DE64E8}
		{76A0DB12-5724-4113-BCDC-D58068985F64} = {22465E63-431C-46C0-AA8B-24DE76DE64E8}
		{149F6F73-6AFE-4347-8008-35C0B9AF630E} = {22465E63-431C-46C0-AA8B-24DE76DE64E8}
		{7BE5956C-1301-422D-A5F0-EECB03478625} = {22465E63-431C-46C0-AA8B-24DE76DE64E8}
		{61960A34-1E64-4733-A47B-0B8DAFCC7622} = {22465E63-431C-46C0-AA8B-24DE76DE64E8}
		{5FA20208-EA08-406D-94FF-B46A0EAE802F} = {22465E63-431C-46C0-AA8B-24DE76DE64E8}
		{956D8822-FB2C-4E87-9D66-267954E18D5E} = {22465E63-431C-46C0-AA8B-24DE76DE64E8}
		{65301F2F-7DF5-4B11-936B-565FAB595726} = {22465E63-431C-46C0-AA8B-24DE76DE64E8}
		{D3591764-2508-4FCE-8B0B-5F3E45F20927} = {22465E63-431C-46C0-AA8B-24DE76DE64E8}
		{15515628-AE95-463A-BB50-B4A6CBCE2F2C} = {22465E63-431C-46C0-AA8B-24DE76DE64E8}
		{264A1D53-F39E-4454-A6D0-E79F929FA16E} = {FE28457B-F715-4D30-860B-CE04C5E5F7ED}
		{C4450395-01D5-4F2C-9500-1E4B768CBA49} = {22465E63-431C-46C0-AA8B-24DE76DE64E8}
		{73269FC4-613B-4AEB-AF5F-2649CD90DA07} = {22465E63-431C-46C0-AA8B-24DE76DE64E8}
		{9BF79777-F0D7-4C9B-ADD4-DAE743602D57} = {22465E63-431C-46C0-AA8B-24DE76DE64E8}
		{7AE1C6EE-51E8-4F1B-80B6-C899855D486B} = {FE28457B-F715-4D30-860B-CE04C5E5F7ED}
		{3B126300-B85E-4DA2-B496-7F829D2DF895} = {22465E63-431C-46C0-AA8B-24DE76DE64E8}
		{49864B77-5E20-4653-A971-BE82BE0AF77E} = {22465E63-431C-46C0-AA8B-24DE76DE64E8}
		{4A8B7BF7-D3E7-4254-9456-E408B3BBE6E7} = {22465E63-431C-46C0-AA8B-24DE76DE64E8}
		{31BACB53-72EA-4E7F-904C-75583CE87A80} = {22465E63-431C-46C0-AA8B-24DE76DE64E8}
	EndGlobalSection
EndGlobal
